// !$*UTF8*$!
{
	archiveVersion = 1;
	classes = {
	};
	objectVersion = 46;
	objects = {

/* Begin PBXBuildFile section */
		03EA847A1CE9964A006EFB85 /* main.m in Sources */ = {isa = PBXBuildFile; fileRef = 03EA84791CE9964A006EFB85 /* main.m */; };
		03EA847D1CE9964A006EFB85 /* AppDelegate.m in Sources */ = {isa = PBXBuildFile; fileRef = 03EA847C1CE9964A006EFB85 /* AppDelegate.m */; };
		03EA84801CE9964A006EFB85 /* ViewController.m in Sources */ = {isa = PBXBuildFile; fileRef = 03EA847F1CE9964A006EFB85 /* ViewController.m */; };
		03EA84831CE9964A006EFB85 /* Main.storyboard in Resources */ = {isa = PBXBuildFile; fileRef = 03EA84811CE9964A006EFB85 /* Main.storyboard */; };
		03EA84851CE9964B006EFB85 /* Assets.xcassets in Resources */ = {isa = PBXBuildFile; fileRef = 03EA84841CE9964B006EFB85 /* Assets.xcassets */; };
		03EA84881CE9964B006EFB85 /* LaunchScreen.storyboard in Resources */ = {isa = PBXBuildFile; fileRef = 03EA84861CE9964B006EFB85 /* LaunchScreen.storyboard */; };
		03EA84931CE9964B006EFB85 /* HTImageClipedSampleTests.m in Sources */ = {isa = PBXBuildFile; fileRef = 03EA84921CE9964B006EFB85 /* HTImageClipedSampleTests.m */; };
		03EA849E1CE9964B006EFB85 /* HTImageClipedSampleUITests.m in Sources */ = {isa = PBXBuildFile; fileRef = 03EA849D1CE9964B006EFB85 /* HTImageClipedSampleUITests.m */; };
		03EA84C81CE996CC006EFB85 /* HTImageClipedManager.m in Sources */ = {isa = PBXBuildFile; fileRef = 03EA84BF1CE996CC006EFB85 /* HTImageClipedManager.m */; };
		03EA84C91CE996CC006EFB85 /* UIButton+HTImageCliped.m in Sources */ = {isa = PBXBuildFile; fileRef = 03EA84C11CE996CC006EFB85 /* UIButton+HTImageCliped.m */; };
		03EA84CA1CE996CC006EFB85 /* UIImage+HTImageCliped.m in Sources */ = {isa = PBXBuildFile; fileRef = 03EA84C21CE996CC006EFB85 /* UIImage+HTImageCliped.m */; };
		03EA84CB1CE996CC006EFB85 /* UIImageView+HTImageCliped.m in Sources */ = {isa = PBXBuildFile; fileRef = 03EA84C51CE996CC006EFB85 /* UIImageView+HTImageCliped.m */; };
		03EA84CC1CE996CC006EFB85 /* UIView+HTImageCliped.m in Sources */ = {isa = PBXBuildFile; fileRef = 03EA84C71CE996CC006EFB85 /* UIView+HTImageCliped.m */; };
/* End PBXBuildFile section */

/* Begin PBXContainerItemProxy section */
		03EA848F1CE9964B006EFB85 /* PBXContainerItemProxy */ = {
			isa = PBXContainerItemProxy;
			containerPortal = 03EA846D1CE9964A006EFB85 /* Project object */;
			proxyType = 1;
			remoteGlobalIDString = 03EA84741CE9964A006EFB85;
			remoteInfo = HTImageClipedSample;
		};
		03EA849A1CE9964B006EFB85 /* PBXContainerItemProxy */ = {
			isa = PBXContainerItemProxy;
			containerPortal = 03EA846D1CE9964A006EFB85 /* Project object */;
			proxyType = 1;
			remoteGlobalIDString = 03EA84741CE9964A006EFB85;
			remoteInfo = HTImageClipedSample;
		};
/* End PBXContainerItemProxy section */

/* Begin PBXFileReference section */
		03EA84751CE9964A006EFB85 /* HTImageClipedSample.app */ = {isa = PBXFileReference; explicitFileType = wrapper.application; includeInIndex = 0; path = HTImageClipedSample.app; sourceTree = BUILT_PRODUCTS_DIR; };
		03EA84791CE9964A006EFB85 /* main.m */ = {isa = PBXFileReference; lastKnownFileType = sourcecode.c.objc; path = main.m; sourceTree = "<group>"; };
		03EA847B1CE9964A006EFB85 /* AppDelegate.h */ = {isa = PBXFileReference; lastKnownFileType = sourcecode.c.h; path = AppDelegate.h; sourceTree = "<group>"; };
		03EA847C1CE9964A006EFB85 /* AppDelegate.m */ = {isa = PBXFileReference; lastKnownFileType = sourcecode.c.objc; path = AppDelegate.m; sourceTree = "<group>"; };
		03EA847E1CE9964A006EFB85 /* ViewController.h */ = {isa = PBXFileReference; lastKnownFileType = sourcecode.c.h; path = ViewController.h; sourceTree = "<group>"; };
		03EA847F1CE9964A006EFB85 /* ViewController.m */ = {isa = PBXFileReference; lastKnownFileType = sourcecode.c.objc; path = ViewController.m; sourceTree = "<group>"; };
		03EA84821CE9964A006EFB85 /* Base */ = {isa = PBXFileReference; lastKnownFileType = file.storyboard; name = Base; path = Base.lproj/Main.storyboard; sourceTree = "<group>"; };
		03EA84841CE9964B006EFB85 /* Assets.xcassets */ = {isa = PBXFileReference; lastKnownFileType = folder.assetcatalog; path = Assets.xcassets; sourceTree = "<group>"; };
		03EA84871CE9964B006EFB85 /* Base */ = {isa = PBXFileReference; lastKnownFileType = file.storyboard; name = Base; path = Base.lproj/LaunchScreen.storyboard; sourceTree = "<group>"; };
		03EA84891CE9964B006EFB85 /* Info.plist */ = {isa = PBXFileReference; lastKnownFileType = text.plist.xml; path = Info.plist; sourceTree = "<group>"; };
		03EA848E1CE9964B006EFB85 /* HTImageClipedSampleTests.xctest */ = {isa = PBXFileReference; explicitFileType = wrapper.cfbundle; includeInIndex = 0; path = HTImageClipedSampleTests.xctest; sourceTree = BUILT_PRODUCTS_DIR; };
		03EA84921CE9964B006EFB85 /* HTImageClipedSampleTests.m */ = {isa = PBXFileReference; lastKnownFileType = sourcecode.c.objc; path = HTImageClipedSampleTests.m; sourceTree = "<group>"; };
		03EA84941CE9964B006EFB85 /* Info.plist */ = {isa = PBXFileReference; lastKnownFileType = text.plist.xml; path = Info.plist; sourceTree = "<group>"; };
		03EA84991CE9964B006EFB85 /* HTImageClipedSampleUITests.xctest */ = {isa = PBXFileReference; explicitFileType = wrapper.cfbundle; includeInIndex = 0; path = HTImageClipedSampleUITests.xctest; sourceTree = BUILT_PRODUCTS_DIR; };
		03EA849D1CE9964B006EFB85 /* HTImageClipedSampleUITests.m */ = {isa = PBXFileReference; lastKnownFileType = sourcecode.c.objc; path = HTImageClipedSampleUITests.m; sourceTree = "<group>"; };
		03EA849F1CE9964B006EFB85 /* Info.plist */ = {isa = PBXFileReference; lastKnownFileType = text.plist.xml; path = Info.plist; sourceTree = "<group>"; };
		03EA84BD1CE996CC006EFB85 /* HTImageCliped.h */ = {isa = PBXFileReference; fileEncoding = 4; lastKnownFileType = sourcecode.c.h; path = HTImageCliped.h; sourceTree = "<group>"; };
		03EA84BE1CE996CC006EFB85 /* HTImageClipedManager.h */ = {isa = PBXFileReference; fileEncoding = 4; lastKnownFileType = sourcecode.c.h; path = HTImageClipedManager.h; sourceTree = "<group>"; };
		03EA84BF1CE996CC006EFB85 /* HTImageClipedManager.m */ = {isa = PBXFileReference; fileEncoding = 4; lastKnownFileType = sourcecode.c.objc; path = HTImageClipedManager.m; sourceTree = "<group>"; };
		03EA84C01CE996CC006EFB85 /* UIButton+HTImageCliped.h */ = {isa = PBXFileReference; fileEncoding = 4; lastKnownFileType = sourcecode.c.h; path = "UIButton+HTImageCliped.h"; sourceTree = "<group>"; };
		03EA84C11CE996CC006EFB85 /* UIButton+HTImageCliped.m */ = {isa = PBXFileReference; fileEncoding = 4; lastKnownFileType = sourcecode.c.objc; path = "UIButton+HTImageCliped.m"; sourceTree = "<group>"; };
		03EA84C21CE996CC006EFB85 /* UIImage+HTImageCliped.m */ = {isa = PBXFileReference; fileEncoding = 4; lastKnownFileType = sourcecode.c.objc; path = "UIImage+HTImageCliped.m"; sourceTree = "<group>"; };
		03EA84C31CE996CC006EFB85 /* UIImage+HTmageCliped.h */ = {isa = PBXFileReference; fileEncoding = 4; lastKnownFileType = sourcecode.c.h; path = "UIImage+HTmageCliped.h"; sourceTree = "<group>"; };
		03EA84C41CE996CC006EFB85 /* UIImageView+HTImageCliped.h */ = {isa = PBXFileReference; fileEncoding = 4; lastKnownFileType = sourcecode.c.h; path = "UIImageView+HTImageCliped.h"; sourceTree = "<group>"; };
		03EA84C51CE996CC006EFB85 /* UIImageView+HTImageCliped.m */ = {isa = PBXFileReference; fileEncoding = 4; lastKnownFileType = sourcecode.c.objc; path = "UIImageView+HTImageCliped.m"; sourceTree = "<group>"; };
		03EA84C61CE996CC006EFB85 /* UIView+HTImageCliped.h */ = {isa = PBXFileReference; fileEncoding = 4; lastKnownFileType = sourcecode.c.h; path = "UIView+HTImageCliped.h"; sourceTree = "<group>"; };
		03EA84C71CE996CC006EFB85 /* UIView+HTImageCliped.m */ = {isa = PBXFileReference; fileEncoding = 4; lastKnownFileType = sourcecode.c.objc; path = "UIView+HTImageCliped.m"; sourceTree = "<group>"; };
/* End PBXFileReference section */

/* Begin PBXFrameworksBuildPhase section */
		03EA84721CE9964A006EFB85 /* Frameworks */ = {
			isa = PBXFrameworksBuildPhase;
			buildActionMask = 2147483647;
			files = (
			);
			runOnlyForDeploymentPostprocessing = 0;
		};
		03EA848B1CE9964B006EFB85 /* Frameworks */ = {
			isa = PBXFrameworksBuildPhase;
			buildActionMask = 2147483647;
			files = (
			);
			runOnlyForDeploymentPostprocessing = 0;
		};
		03EA84961CE9964B006EFB85 /* Frameworks */ = {
			isa = PBXFrameworksBuildPhase;
			buildActionMask = 2147483647;
			files = (
			);
			runOnlyForDeploymentPostprocessing = 0;
		};
/* End PBXFrameworksBuildPhase section */

/* Begin PBXGroup section */
		03EA846C1CE9964A006EFB85 = {
			isa = PBXGroup;
			children = (
				03EA84BC1CE996CC006EFB85 /* HTImageCliped */,
				03EA84771CE9964A006EFB85 /* HTImageClipedSample */,
				03EA84911CE9964B006EFB85 /* HTImageClipedSampleTests */,
				03EA849C1CE9964B006EFB85 /* HTImageClipedSampleUITests */,
				03EA84761CE9964A006EFB85 /* Products */,
			);
			sourceTree = "<group>";
		};
		03EA84761CE9964A006EFB85 /* Products */ = {
			isa = PBXGroup;
			children = (
				03EA84751CE9964A006EFB85 /* HTImageClipedSample.app */,
				03EA848E1CE9964B006EFB85 /* HTImageClipedSampleTests.xctest */,
				03EA84991CE9964B006EFB85 /* HTImageClipedSampleUITests.xctest */,
			);
			name = Products;
			sourceTree = "<group>";
		};
		03EA84771CE9964A006EFB85 /* HTImageClipedSample */ = {
			isa = PBXGroup;
			children = (
				03EA847B1CE9964A006EFB85 /* AppDelegate.h */,
				03EA847C1CE9964A006EFB85 /* AppDelegate.m */,
				03EA847E1CE9964A006EFB85 /* ViewController.h */,
				03EA847F1CE9964A006EFB85 /* ViewController.m */,
				03EA84811CE9964A006EFB85 /* Main.storyboard */,
				03EA84841CE9964B006EFB85 /* Assets.xcassets */,
				03EA84861CE9964B006EFB85 /* LaunchScreen.storyboard */,
				03EA84891CE9964B006EFB85 /* Info.plist */,
				03EA84781CE9964A006EFB85 /* Supporting Files */,
			);
			path = HTImageClipedSample;
			sourceTree = "<group>";
		};
		03EA84781CE9964A006EFB85 /* Supporting Files */ = {
			isa = PBXGroup;
			children = (
				03EA84791CE9964A006EFB85 /* main.m */,
			);
			name = "Supporting Files";
			sourceTree = "<group>";
		};
		03EA84911CE9964B006EFB85 /* HTImageClipedSampleTests */ = {
			isa = PBXGroup;
			children = (
				03EA84921CE9964B006EFB85 /* HTImageClipedSampleTests.m */,
				03EA84941CE9964B006EFB85 /* Info.plist */,
			);
			path = HTImageClipedSampleTests;
			sourceTree = "<group>";
		};
		03EA849C1CE9964B006EFB85 /* HTImageClipedSampleUITests */ = {
			isa = PBXGroup;
			children = (
				03EA849D1CE9964B006EFB85 /* HTImageClipedSampleUITests.m */,
				03EA849F1CE9964B006EFB85 /* Info.plist */,
			);
			path = HTImageClipedSampleUITests;
			sourceTree = "<group>";
		};
		03EA84BC1CE996CC006EFB85 /* HTImageCliped */ = {
			isa = PBXGroup;
			children = (
				03EA84BD1CE996CC006EFB85 /* HTImageCliped.h */,
				03EA84BE1CE996CC006EFB85 /* HTImageClipedManager.h */,
				03EA84BF1CE996CC006EFB85 /* HTImageClipedManager.m */,
				03EA84C01CE996CC006EFB85 /* UIButton+HTImageCliped.h */,
				03EA84C11CE996CC006EFB85 /* UIButton+HTImageCliped.m */,
				03EA84C21CE996CC006EFB85 /* UIImage+HTImageCliped.m */,
				03EA84C31CE996CC006EFB85 /* UIImage+HTmageCliped.h */,
				03EA84C41CE996CC006EFB85 /* UIImageView+HTImageCliped.h */,
				03EA84C51CE996CC006EFB85 /* UIImageView+HTImageCliped.m */,
				03EA84C61CE996CC006EFB85 /* UIView+HTImageCliped.h */,
				03EA84C71CE996CC006EFB85 /* UIView+HTImageCliped.m */,
			);
			name = HTImageCliped;
			path = ../HTImageCliped;
			sourceTree = "<group>";
		};
/* End PBXGroup section */

/* Begin PBXNativeTarget section */
		03EA84741CE9964A006EFB85 /* HTImageClipedSample */ = {
			isa = PBXNativeTarget;
			buildConfigurationList = 03EA84A21CE9964B006EFB85 /* Build configuration list for PBXNativeTarget "HTImageClipedSample" */;
			buildPhases = (
				03EA84711CE9964A006EFB85 /* Sources */,
				03EA84721CE9964A006EFB85 /* Frameworks */,
				03EA84731CE9964A006EFB85 /* Resources */,
			);
			buildRules = (
			);
			dependencies = (
			);
			name = HTImageClipedSample;
			productName = HTImageClipedSample;
			productReference = 03EA84751CE9964A006EFB85 /* HTImageClipedSample.app */;
			productType = "com.apple.product-type.application";
		};
		03EA848D1CE9964B006EFB85 /* HTImageClipedSampleTests */ = {
			isa = PBXNativeTarget;
			buildConfigurationList = 03EA84A51CE9964B006EFB85 /* Build configuration list for PBXNativeTarget "HTImageClipedSampleTests" */;
			buildPhases = (
				03EA848A1CE9964B006EFB85 /* Sources */,
				03EA848B1CE9964B006EFB85 /* Frameworks */,
				03EA848C1CE9964B006EFB85 /* Resources */,
			);
			buildRules = (
			);
			dependencies = (
				03EA84901CE9964B006EFB85 /* PBXTargetDependency */,
			);
			name = HTImageClipedSampleTests;
			productName = HTImageClipedSampleTests;
			productReference = 03EA848E1CE9964B006EFB85 /* HTImageClipedSampleTests.xctest */;
			productType = "com.apple.product-type.bundle.unit-test";
		};
		03EA84981CE9964B006EFB85 /* HTImageClipedSampleUITests */ = {
			isa = PBXNativeTarget;
			buildConfigurationList = 03EA84A81CE9964B006EFB85 /* Build configuration list for PBXNativeTarget "HTImageClipedSampleUITests" */;
			buildPhases = (
				03EA84951CE9964B006EFB85 /* Sources */,
				03EA84961CE9964B006EFB85 /* Frameworks */,
				03EA84971CE9964B006EFB85 /* Resources */,
			);
			buildRules = (
			);
			dependencies = (
				03EA849B1CE9964B006EFB85 /* PBXTargetDependency */,
			);
			name = HTImageClipedSampleUITests;
			productName = HTImageClipedSampleUITests;
			productReference = 03EA84991CE9964B006EFB85 /* HTImageClipedSampleUITests.xctest */;
			productType = "com.apple.product-type.bundle.ui-testing";
		};
/* End PBXNativeTarget section */

/* Begin PBXProject section */
		03EA846D1CE9964A006EFB85 /* Project object */ = {
			isa = PBXProject;
			attributes = {
				LastUpgradeCheck = 0730;
				ORGANIZATIONNAME = whatywhaty;
				TargetAttributes = {
					03EA84741CE9964A006EFB85 = {
						CreatedOnToolsVersion = 7.3;
					};
					03EA848D1CE9964B006EFB85 = {
						CreatedOnToolsVersion = 7.3;
						TestTargetID = 03EA84741CE9964A006EFB85;
					};
					03EA84981CE9964B006EFB85 = {
						CreatedOnToolsVersion = 7.3;
						TestTargetID = 03EA84741CE9964A006EFB85;
					};
				};
			};
			buildConfigurationList = 03EA84701CE9964A006EFB85 /* Build configuration list for PBXProject "HTImageClipedSample" */;
			compatibilityVersion = "Xcode 3.2";
			developmentRegion = English;
			hasScannedForEncodings = 0;
			knownRegions = (
				en,
				Base,
			);
			mainGroup = 03EA846C1CE9964A006EFB85;
			productRefGroup = 03EA84761CE9964A006EFB85 /* Products */;
			projectDirPath = "";
			projectRoot = "";
			targets = (
				03EA84741CE9964A006EFB85 /* HTImageClipedSample */,
				03EA848D1CE9964B006EFB85 /* HTImageClipedSampleTests */,
				03EA84981CE9964B006EFB85 /* HTImageClipedSampleUITests */,
			);
		};
/* End PBXProject section */

/* Begin PBXResourcesBuildPhase section */
		03EA84731CE9964A006EFB85 /* Resources */ = {
			isa = PBXResourcesBuildPhase;
			buildActionMask = 2147483647;
			files = (
				03EA84881CE9964B006EFB85 /* LaunchScreen.storyboard in Resources */,
				03EA84851CE9964B006EFB85 /* Assets.xcassets in Resources */,
				03EA84831CE9964A006EFB85 /* Main.storyboard in Resources */,
			);
			runOnlyForDeploymentPostprocessing = 0;
		};
		03EA848C1CE9964B006EFB85 /* Resources */ = {
			isa = PBXResourcesBuildPhase;
			buildActionMask = 2147483647;
			files = (
			);
			runOnlyForDeploymentPostprocessing = 0;
		};
		03EA84971CE9964B006EFB85 /* Resources */ = {
			isa = PBXResourcesBuildPhase;
			buildActionMask = 2147483647;
			files = (
			);
			runOnlyForDeploymentPostprocessing = 0;
		};
/* End PBXResourcesBuildPhase section */

/* Begin PBXSourcesBuildPhase section */
		03EA84711CE9964A006EFB85 /* Sources */ = {
			isa = PBXSourcesBuildPhase;
			buildActionMask = 2147483647;
			files = (
				03EA84C81CE996CC006EFB85 /* HTImageClipedManager.m in Sources */,
				03EA84801CE9964A006EFB85 /* ViewController.m in Sources */,
				03EA847D1CE9964A006EFB85 /* AppDelegate.m in Sources */,
				03EA84C91CE996CC006EFB85 /* UIButton+HTImageCliped.m in Sources */,
				03EA84CB1CE996CC006EFB85 /* UIImageView+HTImageCliped.m in Sources */,
				03EA84CC1CE996CC006EFB85 /* UIView+HTImageCliped.m in Sources */,
				03EA84CA1CE996CC006EFB85 /* UIImage+HTImageCliped.m in Sources */,
				03EA847A1CE9964A006EFB85 /* main.m in Sources */,
			);
			runOnlyForDeploymentPostprocessing = 0;
		};
		03EA848A1CE9964B006EFB85 /* Sources */ = {
			isa = PBXSourcesBuildPhase;
			buildActionMask = 2147483647;
			files = (
				03EA84931CE9964B006EFB85 /* HTImageClipedSampleTests.m in Sources */,
			);
			runOnlyForDeploymentPostprocessing = 0;
		};
		03EA84951CE9964B006EFB85 /* Sources */ = {
			isa = PBXSourcesBuildPhase;
			buildActionMask = 2147483647;
			files = (
				03EA849E1CE9964B006EFB85 /* HTImageClipedSampleUITests.m in Sources */,
			);
			runOnlyForDeploymentPostprocessing = 0;
		};
/* End PBXSourcesBuildPhase section */

/* Begin PBXTargetDependency section */
		03EA84901CE9964B006EFB85 /* PBXTargetDependency */ = {
			isa = PBXTargetDependency;
			target = 03EA84741CE9964A006EFB85 /* HTImageClipedSample */;
			targetProxy = 03EA848F1CE9964B006EFB85 /* PBXContainerItemProxy */;
		};
		03EA849B1CE9964B006EFB85 /* PBXTargetDependency */ = {
			isa = PBXTargetDependency;
			target = 03EA84741CE9964A006EFB85 /* HTImageClipedSample */;
			targetProxy = 03EA849A1CE9964B006EFB85 /* PBXContainerItemProxy */;
		};
/* End PBXTargetDependency section */

/* Begin PBXVariantGroup section */
		03EA84811CE9964A006EFB85 /* Main.storyboard */ = {
			isa = PBXVariantGroup;
			children = (
				03EA84821CE9964A006EFB85 /* Base */,
			);
			name = Main.storyboard;
			sourceTree = "<group>";
		};
		03EA84861CE9964B006EFB85 /* LaunchScreen.storyboard */ = {
			isa = PBXVariantGroup;
			children = (
				03EA84871CE9964B006EFB85 /* Base */,
			);
			name = LaunchScreen.storyboard;
			sourceTree = "<group>";
		};
/* End PBXVariantGroup section */

/* Begin XCBuildConfiguration section */
		03EA84A01CE9964B006EFB85 /* Debug */ = {
			isa = XCBuildConfiguration;
			buildSettings = {
				ALWAYS_SEARCH_USER_PATHS = NO;
				CLANG_ANALYZER_NONNULL = YES;
				CLANG_CXX_LANGUAGE_STANDARD = "gnu++0x";
				CLANG_CXX_LIBRARY = "libc++";
				CLANG_ENABLE_MODULES = YES;
				CLANG_ENABLE_OBJC_ARC = YES;
				CLANG_WARN_BOOL_CONVERSION = YES;
				CLANG_WARN_CONSTANT_CONVERSION = YES;
				CLANG_WARN_DIRECT_OBJC_ISA_USAGE = YES_ERROR;
				CLANG_WARN_EMPTY_BODY = YES;
				CLANG_WARN_ENUM_CONVERSION = YES;
				CLANG_WARN_INT_CONVERSION = YES;
				CLANG_WARN_OBJC_ROOT_CLASS = YES_ERROR;
				CLANG_WARN_UNREACHABLE_CODE = YES;
				CLANG_WARN__DUPLICATE_METHOD_MATCH = YES;
				"CODE_SIGN_IDENTITY[sdk=iphoneos*]" = "iPhone Developer";
				COPY_PHASE_STRIP = NO;
				DEBUG_INFORMATION_FORMAT = dwarf;
				ENABLE_STRICT_OBJC_MSGSEND = YES;
				ENABLE_TESTABILITY = YES;
				GCC_C_LANGUAGE_STANDARD = gnu99;
				GCC_DYNAMIC_NO_PIC = NO;
				GCC_NO_COMMON_BLOCKS = YES;
				GCC_OPTIMIZATION_LEVEL = 0;
				GCC_PREPROCESSOR_DEFINITIONS = (
					"DEBUG=1",
					"$(inherited)",
				);
				GCC_WARN_64_TO_32_BIT_CONVERSION = YES;
				GCC_WARN_ABOUT_RETURN_TYPE = YES_ERROR;
				GCC_WARN_UNDECLARED_SELECTOR = YES;
				GCC_WARN_UNINITIALIZED_AUTOS = YES_AGGRESSIVE;
				GCC_WARN_UNUSED_FUNCTION = YES;
				GCC_WARN_UNUSED_VARIABLE = YES;
				IPHONEOS_DEPLOYMENT_TARGET = 9.3;
				MTL_ENABLE_DEBUG_INFO = YES;
				ONLY_ACTIVE_ARCH = YES;
				SDKROOT = iphoneos;
			};
			name = Debug;
		};
		03EA84A11CE9964B006EFB85 /* Release */ = {
			isa = XCBuildConfiguration;
			buildSettings = {
				ALWAYS_SEARCH_USER_PATHS = NO;
				CLANG_ANALYZER_NONNULL = YES;
				CLANG_CXX_LANGUAGE_STANDARD = "gnu++0x";
				CLANG_CXX_LIBRARY = "libc++";
				CLANG_ENABLE_MODULES = YES;
				CLANG_ENABLE_OBJC_ARC = YES;
				CLANG_WARN_BOOL_CONVERSION = YES;
				CLANG_WARN_CONSTANT_CONVERSION = YES;
				CLANG_WARN_DIRECT_OBJC_ISA_USAGE = YES_ERROR;
				CLANG_WARN_EMPTY_BODY = YES;
				CLANG_WARN_ENUM_CONVERSION = YES;
				CLANG_WARN_INT_CONVERSION = YES;
				CLANG_WARN_OBJC_ROOT_CLASS = YES_ERROR;
				CLANG_WARN_UNREACHABLE_CODE = YES;
				CLANG_WARN__DUPLICATE_METHOD_MATCH = YES;
				"CODE_SIGN_IDENTITY[sdk=iphoneos*]" = "iPhone Developer";
				COPY_PHASE_STRIP = NO;
				DEBUG_INFORMATION_FORMAT = "dwarf-with-dsym";
				ENABLE_NS_ASSERTIONS = NO;
				ENABLE_STRICT_OBJC_MSGSEND = YES;
				GCC_C_LANGUAGE_STANDARD = gnu99;
				GCC_NO_COMMON_BLOCKS = YES;
				GCC_WARN_64_TO_32_BIT_CONVERSION = YES;
				GCC_WARN_ABOUT_RETURN_TYPE = YES_ERROR;
				GCC_WARN_UNDECLARED_SELECTOR = YES;
				GCC_WARN_UNINITIALIZED_AUTOS = YES_AGGRESSIVE;
				GCC_WARN_UNUSED_FUNCTION = YES;
				GCC_WARN_UNUSED_VARIABLE = YES;
				IPHONEOS_DEPLOYMENT_TARGET = 9.3;
				MTL_ENABLE_DEBUG_INFO = NO;
				SDKROOT = iphoneos;
				VALIDATE_PRODUCT = YES;
			};
			name = Release;
		};
		03EA84A31CE9964B006EFB85 /* Debug */ = {
			isa = XCBuildConfiguration;
			buildSettings = {
				ASSETCATALOG_COMPILER_APPICON_NAME = AppIcon;
				INFOPLIST_FILE = HTImageClipedSample/Info.plist;
				LD_RUNPATH_SEARCH_PATHS = "$(inherited) @executable_path/Frameworks";
				PRODUCT_BUNDLE_IDENTIFIER = com.dht.HTImageClipedSample;
				PRODUCT_NAME = "$(TARGET_NAME)";
			};
			name = Debug;
		};
		03EA84A41CE9964B006EFB85 /* Release */ = {
			isa = XCBuildConfiguration;
			buildSettings = {
				ASSETCATALOG_COMPILER_APPICON_NAME = AppIcon;
				INFOPLIST_FILE = HTImageClipedSample/Info.plist;
				LD_RUNPATH_SEARCH_PATHS = "$(inherited) @executable_path/Frameworks";
				PRODUCT_BUNDLE_IDENTIFIER = com.dht.HTImageClipedSample;
				PRODUCT_NAME = "$(TARGET_NAME)";
			};
			name = Release;
		};
		03EA84A61CE9964B006EFB85 /* Debug */ = {
			isa = XCBuildConfiguration;
			buildSettings = {
				BUNDLE_LOADER = "$(TEST_HOST)";
				INFOPLIST_FILE = HTImageClipedSampleTests/Info.plist;
				LD_RUNPATH_SEARCH_PATHS = "$(inherited) @executable_path/Frameworks @loader_path/Frameworks";
				PRODUCT_BUNDLE_IDENTIFIER = com.dht.HTImageClipedSampleTests;
				PRODUCT_NAME = "$(TARGET_NAME)";
				TEST_HOST = "$(BUILT_PRODUCTS_DIR)/HTImageClipedSample.app/HTImageClipedSample";
			};
			name = Debug;
		};
		03EA84A71CE9964B006EFB85 /* Release */ = {
			isa = XCBuildConfiguration;
			buildSettings = {
				BUNDLE_LOADER = "$(TEST_HOST)";
				INFOPLIST_FILE = HTImageClipedSampleTests/Info.plist;
				LD_RUNPATH_SEARCH_PATHS = "$(inherited) @executable_path/Frameworks @loader_path/Frameworks";
				PRODUCT_BUNDLE_IDENTIFIER = com.dht.HTImageClipedSampleTests;
				PRODUCT_NAME = "$(TARGET_NAME)";
				TEST_HOST = "$(BUILT_PRODUCTS_DIR)/HTImageClipedSample.app/HTImageClipedSample";
			};
			name = Release;
		};
		03EA84A91CE9964B006EFB85 /* Debug */ = {
			isa = XCBuildConfiguration;
			buildSettings = {
				INFOPLIST_FILE = HTImageClipedSampleUITests/Info.plist;
				LD_RUNPATH_SEARCH_PATHS = "$(inherited) @executable_path/Frameworks @loader_path/Frameworks";
				PRODUCT_BUNDLE_IDENTIFIER = com.dht.HTImageClipedSampleUITests;
				PRODUCT_NAME = "$(TARGET_NAME)";
				TEST_TARGET_NAME = HTImageClipedSample;
			};
			name = Debug;
		};
		03EA84AA1CE9964B006EFB85 /* Release */ = {
			isa = XCBuildConfiguration;
			buildSettings = {
				INFOPLIST_FILE = HTImageClipedSampleUITests/Info.plist;
				LD_RUNPATH_SEARCH_PATHS = "$(inherited) @executable_path/Frameworks @loader_path/Frameworks";
				PRODUCT_BUNDLE_IDENTIFIER = com.dht.HTImageClipedSampleUITests;
				PRODUCT_NAME = "$(TARGET_NAME)";
				TEST_TARGET_NAME = HTImageClipedSample;
			};
			name = Release;
		};
/* End XCBuildConfiguration section */

/* Begin XCConfigurationList section */
		03EA84701CE9964A006EFB85 /* Build configuration list for PBXProject "HTImageClipedSample" */ = {
			isa = XCConfigurationList;
			buildConfigurations = (
				03EA84A01CE9964B006EFB85 /* Debug */,
				03EA84A11CE9964B006EFB85 /* Release */,
			);
			defaultConfigurationIsVisible = 0;
			defaultConfigurationName = Release;
		};
		03EA84A21CE9964B006EFB85 /* Build configuration list for PBXNativeTarget "HTImageClipedSample" */ = {
			isa = XCConfigurationList;
			buildConfigurations = (
				03EA84A31CE9964B006EFB85 /* Debug */,
				03EA84A41CE9964B006EFB85 /* Release */,
			);
			defaultConfigurationIsVisible = 0;
			defaultConfigurationName = Release;
		};
		03EA84A51CE9964B006EFB85 /* Build configuration list for PBXNativeTarget "HTImageClipedSampleTests" */ = {
			isa = XCConfigurationList;
			buildConfigurations = (
				03EA84A61CE9964B006EFB85 /* Debug */,
				03EA84A71CE9964B006EFB85 /* Release */,
			);
			defaultConfigurationIsVisible = 0;
			defaultConfigurationName = Release;
		};
		03EA84A81CE9964B006EFB85 /* Build configuration list for PBXNativeTarget "HTImageClipedSampleUITests" */ = {
			isa = XCConfigurationList;
			buildConfigurations = (
				03EA84A91CE9964B006EFB85 /* Debug */,
				03EA84AA1CE9964B006EFB85 /* Release */,
			);
			defaultConfigurationIsVisible = 0;
			defaultConfigurationName = Release;
		};
/* End XCConfigurationList section */
	};
	rootObject = 03EA846D1CE9964A006EFB85 /* Project object */;
}
